
Microsoft Visual Studio Solution File, Format Version 12.00
# Visual Studio 15
VisualStudioVersion = 15.0.26430.16
MinimumVisualStudioVersion = 10.0.40219.1
Project("{FAE04EC0-301F-11D3-BF4B-00C04F79EFBC}") = "Snowball", "Snowball.csproj", "{B643D558-3C0D-4FAF-8296-0EAF2ABF4C5D}"
EndProject
Global
	GlobalSection(SolutionConfigurationPlatforms) = preSolution
		Debug|x86 = Debug|x86
		Release|x86 = Release|x86
	EndGlobalSection
	GlobalSection(ProjectConfigurationPlatforms) = postSolution
		{B643D558-3C0D-4FAF-8296-0EAF2ABF4C5D}.Debug|x86.ActiveCfg = Debug|x86
		{B643D558-3C0D-4FAF-8296-0EAF2ABF4C5D}.Debug|x86.Build.0 = Debug|x86
		{B643D558-3C0D-4FAF-8296-0EAF2ABF4C5D}.Release|x86.ActiveCfg = Release|x86
		{B643D558-3C0D-4FAF-8296-0EAF2ABF4C5D}.Release|x86.Build.0 = Release|x86
	EndGlobalSection
	GlobalSection(SolutionProperties) = preSolution
		HideSolutionNode = FALSE
	EndGlobalSection
EndGlobal
